
Microsoft Visual Studio Solution File, Format Version 12.00
# Visual Studio Version 16
VisualStudioVersion = 16.0.809.7
MinimumVisualStudioVersion = 10.0.40219.1
Project("{FAE04EC0-301F-11D3-BF4B-00C04F79EFBC}") = "HivePSTL", "HivePSTL.csproj", "{3B1993B9-5184-47BE-A19D-C741C8009E9F}"
EndProject
Global
	GlobalSection(SolutionConfigurationPlatforms) = preSolution
		Debug|Any CPU = Debug|Any CPU
		Release|Any CPU = Release|Any CPU
	EndGlobalSection
	GlobalSection(ProjectConfigurationPlatforms) = postSolution
		{3B1993B9-5184-47BE-A19D-C741C8009E9F}.Debug|Any CPU.ActiveCfg = Debug|Any CPU
		{3B1993B9-5184-47BE-A19D-C741C8009E9F}.Debug|Any CPU.Build.0 = Debug|Any CPU
		{3B1993B9-5184-47BE-A19D-C741C8009E9F}.Release|Any CPU.ActiveCfg = Release|Any CPU
		{3B1993B9-5184-47BE-A19D-C741C8009E9F}.Release|Any CPU.Build.0 = Release|Any CPU
	EndGlobalSection
	GlobalSection(SolutionProperties) = preSolution
		HideSolutionNode = FALSE
	EndGlobalSection
	GlobalSection(ExtensibilityGlobals) = postSolution
		SolutionGuid = {8EBC81D7-D1B3-4D2C-8A63-E8C1C76A20AB}
	EndGlobalSection
EndGlobal
